
Microsoft Visual Studio Solution File, Format Version 12.00
# Visual Studio Version 16
VisualStudioVersion = 16.0.30523.141
MinimumVisualStudioVersion = 10.0.40219.1
Project("{9A19103F-16F7-4668-BE54-9A1E7A4F7556}") = "SWE1-MTCG", "SWE1-MTCG\SWE1-MTCG.csproj", "{36E58A75-94EA-48E2-9DD7-3FC4F66F62F3}"
EndProject
Project("{FAE04EC0-301F-11D3-BF4B-00C04F79EFBC}") = "NUnitTestProject1", "NUnitTestProject1\NUnitTestProject1.csproj", "{D1FD69CC-DEDB-4FC5-B869-E79ED5F6B6EF}"
EndProject
Global
	GlobalSection(SolutionConfigurationPlatforms) = preSolution
		Debug|Any CPU = Debug|Any CPU
		Release|Any CPU = Release|Any CPU
	EndGlobalSection
	GlobalSection(ProjectConfigurationPlatforms) = postSolution
		{36E58A75-94EA-48E2-9DD7-3FC4F66F62F3}.Debug|Any CPU.ActiveCfg = Debug|Any CPU
		{36E58A75-94EA-48E2-9DD7-3FC4F66F62F3}.Debug|Any CPU.Build.0 = Debug|Any CPU
		{36E58A75-94EA-48E2-9DD7-3FC4F66F62F3}.Release|Any CPU.ActiveCfg = Release|Any CPU
		{36E58A75-94EA-48E2-9DD7-3FC4F66F62F3}.Release|Any CPU.Build.0 = Release|Any CPU
		{D1FD69CC-DEDB-4FC5-B869-E79ED5F6B6EF}.Debug|Any CPU.ActiveCfg = Debug|Any CPU
		{D1FD69CC-DEDB-4FC5-B869-E79ED5F6B6EF}.Debug|Any CPU.Build.0 = Debug|Any CPU
		{D1FD69CC-DEDB-4FC5-B869-E79ED5F6B6EF}.Release|Any CPU.ActiveCfg = Release|Any CPU
		{D1FD69CC-DEDB-4FC5-B869-E79ED5F6B6EF}.Release|Any CPU.Build.0 = Release|Any CPU
	EndGlobalSection
	GlobalSection(SolutionProperties) = preSolution
		HideSolutionNode = FALSE
	EndGlobalSection
	GlobalSection(ExtensibilityGlobals) = postSolution
		SolutionGuid = {10CD126A-C3B7-452C-93D3-10C79D2D8505}
	EndGlobalSection
EndGlobal
